
Microsoft Visual Studio Solution File, Format Version 12.00
# Visual Studio Version 16
VisualStudioVersion = 16.0.30413.136
MinimumVisualStudioVersion = 10.0.40219.1
Project("{FAE04EC0-301F-11D3-BF4B-00C04F79EFBC}") = "InfoTrackSearchTest", "InfoTrackSearchTest\InfoTrackSearchTest.csproj", "{BCAAB29B-D1FC-4E9F-B58B-7FA625E59499}"
EndProject
Project("{FAE04EC0-301F-11D3-BF4B-00C04F79EFBC}") = "InfoTrackSearchTestUnitTests", "InfoTrackSearchTestUnitTests\InfoTrackSearchTestUnitTests.csproj", "{D92660C3-24F5-4862-8DAB-676603516DBE}"
EndProject
Global
	GlobalSection(SolutionConfigurationPlatforms) = preSolution
		Debug|Any CPU = Debug|Any CPU
		Release|Any CPU = Release|Any CPU
	EndGlobalSection
	GlobalSection(ProjectConfigurationPlatforms) = postSolution
		{BCAAB29B-D1FC-4E9F-B58B-7FA625E59499}.Debug|Any CPU.ActiveCfg = Debug|Any CPU
		{BCAAB29B-D1FC-4E9F-B58B-7FA625E59499}.Debug|Any CPU.Build.0 = Debug|Any CPU
		{BCAAB29B-D1FC-4E9F-B58B-7FA625E59499}.Release|Any CPU.ActiveCfg = Release|Any CPU
		{BCAAB29B-D1FC-4E9F-B58B-7FA625E59499}.Release|Any CPU.Build.0 = Release|Any CPU
		{D92660C3-24F5-4862-8DAB-676603516DBE}.Debug|Any CPU.ActiveCfg = Debug|Any CPU
		{D92660C3-24F5-4862-8DAB-676603516DBE}.Debug|Any CPU.Build.0 = Debug|Any CPU
		{D92660C3-24F5-4862-8DAB-676603516DBE}.Release|Any CPU.ActiveCfg = Release|Any CPU
		{D92660C3-24F5-4862-8DAB-676603516DBE}.Release|Any CPU.Build.0 = Release|Any CPU
	EndGlobalSection
	GlobalSection(SolutionProperties) = preSolution
		HideSolutionNode = FALSE
	EndGlobalSection
	GlobalSection(ExtensibilityGlobals) = postSolution
		SolutionGuid = {2738D065-58FC-4318-B345-87BD15ACE110}
	EndGlobalSection
EndGlobal
